# This file is generated by running "yarn install" inside your project.
# Manual changes might be lost - proceed with caution!

__metadata:
  version: 6
  cacheKey: 8

"@types/node@npm:^16.9.6":
  version: 16.11.26
  resolution: "@types/node@npm:16.11.26"
  checksum: 57757caaba3f0d95de82198cb276a1002c49b710108c932a1d02d7c91ff2fa57cfe2dd19fde60853b6dd90b0964b3cf35557981d2628e20aed6a909057aedfe6
  languageName: node
  linkType: hard

"buffer-from@npm:^1.0.0":
  version: 1.1.2
  resolution: "buffer-from@npm:1.1.2"
  checksum: 0448524a562b37d4d7ed9efd91685a5b77a50672c556ea254ac9a6d30e3403a517d8981f10e565db24e8339413b43c97ca2951f10e399c6125a0d8911f5679bb
  languageName: node
  linkType: hard

"esbuild-android-64@npm:0.14.31":
  version: 0.14.31
  resolution: "esbuild-android-64@npm:0.14.31"
  conditions: os=android & cpu=x64
  languageName: node
  linkType: hard

"esbuild-android-arm64@npm:0.14.31":
  version: 0.14.31
  resolution: "esbuild-android-arm64@npm:0.14.31"
  conditions: os=android & cpu=arm64
  languageName: node
  linkType: hard

"esbuild-darwin-64@npm:0.14.31":
  version: 0.14.31
  resolution: "esbuild-darwin-64@npm:0.14.31"
  conditions: os=darwin & cpu=x64
  languageName: node
  linkType: hard

"esbuild-darwin-arm64@npm:0.14.31":
  version: 0.14.31
  resolution: "esbuild-darwin-arm64@npm:0.14.31"
  conditions: os=darwin & cpu=arm64
  languageName: node
  linkType: hard

"esbuild-freebsd-64@npm:0.14.31":
  version: 0.14.31
  resolution: "esbuild-freebsd-64@npm:0.14.31"
  conditions: os=freebsd & cpu=x64
  languageName: node
  linkType: hard

"esbuild-freebsd-arm64@npm:0.14.31":
  version: 0.14.31
  resolution: "esbuild-freebsd-arm64@npm:0.14.31"
  conditions: os=freebsd & cpu=arm64
  languageName: node
  linkType: hard

"esbuild-linux-32@npm:0.14.31":
  version: 0.14.31
  resolution: "esbuild-linux-32@npm:0.14.31"
  conditions: os=linux & cpu=ia32
  languageName: node
  linkType: hard

"esbuild-linux-64@npm:0.14.31":
  version: 0.14.31
  resolution: "esbuild-linux-64@npm:0.14.31"
  conditions: os=linux & cpu=x64
  languageName: node
  linkType: hard

"esbuild-linux-arm64@npm:0.14.31":
  version: 0.14.31
  resolution: "esbuild-linux-arm64@npm:0.14.31"
  conditions: os=linux & cpu=arm64
  languageName: node
  linkType: hard

"esbuild-linux-arm@npm:0.14.31":
  version: 0.14.31
  resolution: "esbuild-linux-arm@npm:0.14.31"
  conditions: os=linux & cpu=arm
  languageName: node
  linkType: hard

"esbuild-linux-mips64le@npm:0.14.31":
  version: 0.14.31
  resolution: "esbuild-linux-mips64le@npm:0.14.31"
  conditions: os=linux & cpu=mips64el
  languageName: node
  linkType: hard

"esbuild-linux-ppc64le@npm:0.14.31":
  version: 0.14.31
  resolution: "esbuild-linux-ppc64le@npm:0.14.31"
  conditions: os=linux & cpu=ppc64
  languageName: node
  linkType: hard

"esbuild-linux-riscv64@npm:0.14.31":
  version: 0.14.31
  resolution: "esbuild-linux-riscv64@npm:0.14.31"
  conditions: os=linux & cpu=riscv64
  languageName: node
  linkType: hard

"esbuild-linux-s390x@npm:0.14.31":
  version: 0.14.31
  resolution: "esbuild-linux-s390x@npm:0.14.31"
  conditions: os=linux & cpu=s390x
  languageName: node
  linkType: hard

"esbuild-netbsd-64@npm:0.14.31":
  version: 0.14.31
  resolution: "esbuild-netbsd-64@npm:0.14.31"
  conditions: os=netbsd & cpu=x64
  languageName: node
  linkType: hard

"esbuild-openbsd-64@npm:0.14.31":
  version: 0.14.31
  resolution: "esbuild-openbsd-64@npm:0.14.31"
  conditions: os=openbsd & cpu=x64
  languageName: node
  linkType: hard

"esbuild-runner@npm:^2.2.1":
  version: 2.2.1
  resolution: "esbuild-runner@npm:2.2.1"
  dependencies:
    source-map-support: 0.5.19
    tslib: 2.3.1
  peerDependencies:
    esbuild: "*"
  bin:
    esr: bin/esr.js
  checksum: 6818c1a0b7773ca6d688ceb8dc33f8077eabf1a3154c86b5e9006321c11a29a5544500f56456e804cdbdefae2281614e2e2b2bf1173316f80e36a2da496d3795
  languageName: node
  linkType: hard

"esbuild-sunos-64@npm:0.14.31":
  version: 0.14.31
  resolution: "esbuild-sunos-64@npm:0.14.31"
  conditions: os=sunos & cpu=x64
  languageName: node
  linkType: hard

"esbuild-windows-32@npm:0.14.31":
  version: 0.14.31
  resolution: "esbuild-windows-32@npm:0.14.31"
  conditions: os=win32 & cpu=ia32
  languageName: node
  linkType: hard

"esbuild-windows-64@npm:0.14.31":
  version: 0.14.31
  resolution: "esbuild-windows-64@npm:0.14.31"
  conditions: os=win32 & cpu=x64
  languageName: node
  linkType: hard

"esbuild-windows-arm64@npm:0.14.31":
  version: 0.14.31
  resolution: "esbuild-windows-arm64@npm:0.14.31"
  conditions: os=win32 & cpu=arm64
  languageName: node
  linkType: hard

"esbuild@npm:^0.14.31":
  version: 0.14.31
  resolution: "esbuild@npm:0.14.31"
  dependencies:
    esbuild-android-64: 0.14.31
    esbuild-android-arm64: 0.14.31
    esbuild-darwin-64: 0.14.31
    esbuild-darwin-arm64: 0.14.31
    esbuild-freebsd-64: 0.14.31
    esbuild-freebsd-arm64: 0.14.31
    esbuild-linux-32: 0.14.31
    esbuild-linux-64: 0.14.31
    esbuild-linux-arm: 0.14.31
    esbuild-linux-arm64: 0.14.31
    esbuild-linux-mips64le: 0.14.31
    esbuild-linux-ppc64le: 0.14.31
    esbuild-linux-riscv64: 0.14.31
    esbuild-linux-s390x: 0.14.31
    esbuild-netbsd-64: 0.14.31
    esbuild-openbsd-64: 0.14.31
    esbuild-sunos-64: 0.14.31
    esbuild-windows-32: 0.14.31
    esbuild-windows-64: 0.14.31
    esbuild-windows-arm64: 0.14.31
  dependenciesMeta:
    esbuild-android-64:
      optional: true
    esbuild-android-arm64:
      optional: true
    esbuild-darwin-64:
      optional: true
    esbuild-darwin-arm64:
      optional: true
    esbuild-freebsd-64:
      optional: true
    esbuild-freebsd-arm64:
      optional: true
    esbuild-linux-32:
      optional: true
    esbuild-linux-64:
      optional: true
    esbuild-linux-arm:
      optional: true
    esbuild-linux-arm64:
      optional: true
    esbuild-linux-mips64le:
      optional: true
    esbuild-linux-ppc64le:
      optional: true
    esbuild-linux-riscv64:
      optional: true
    esbuild-linux-s390x:
      optional: true
    esbuild-netbsd-64:
      optional: true
    esbuild-openbsd-64:
      optional: true
    esbuild-sunos-64:
      optional: true
    esbuild-windows-32:
      optional: true
    esbuild-windows-64:
      optional: true
    esbuild-windows-arm64:
      optional: true
  bin:
    esbuild: bin/esbuild
  checksum: 6b846ed08919178e6b31b3e194511383d045e142a43050c0b8c4dfb59302569651257b98f4319b2f7c5ecf92888b7388546354ab7ec81a1412275bc8bba4a425
  languageName: node
  linkType: hard

"lehigh-directory@workspace:.":
  version: 0.0.0-use.local
  resolution: "lehigh-directory@workspace:."
  dependencies:
    "@types/node": ^16.9.6
    esbuild: ^0.14.31
    esbuild-runner: ^2.2.1
    lodash: ^4.17.21
  languageName: unknown
  linkType: soft

"lodash@npm:^4.17.21":
  version: 4.17.21
  resolution: "lodash@npm:4.17.21"
  checksum: eb835a2e51d381e561e508ce932ea50a8e5a68f4ebdd771ea240d3048244a8d13658acbd502cd4829768c56f2e16bdd4340b9ea141297d472517b83868e677f7
  languageName: node
  linkType: hard

"source-map-support@npm:0.5.19":
  version: 0.5.19
  resolution: "source-map-support@npm:0.5.19"
  dependencies:
    buffer-from: ^1.0.0
    source-map: ^0.6.0
  checksum: c72802fdba9cb62b92baef18cc14cc4047608b77f0353e6c36dd993444149a466a2845332c5540d4a6630957254f0f68f4ef5a0120c33d2e83974c51a05afbac
  languageName: node
  linkType: hard

"source-map@npm:^0.6.0":
  version: 0.6.1
  resolution: "source-map@npm:0.6.1"
  checksum: 59ce8640cf3f3124f64ac289012c2b8bd377c238e316fb323ea22fbfe83da07d81e000071d7242cad7a23cd91c7de98e4df8830ec3f133cb6133a5f6e9f67bc2
  languageName: node
  linkType: hard

"tslib@npm:2.3.1":
  version: 2.3.1
  resolution: "tslib@npm:2.3.1"
  checksum: de17a98d4614481f7fcb5cd53ffc1aaf8654313be0291e1bfaee4b4bb31a20494b7d218ff2e15017883e8ea9626599b3b0e0229c18383ba9dce89da2adf15cb9
  languageName: node
  linkType: hard
